
Microsoft Visual Studio Solution File, Format Version 12.00
# Visual Studio 15
Project("{FAE04EC0-301F-11D3-BF4B-00C04F79EFBC}") = "Assembly-CSharp", "Assembly-CSharp.csproj", "{754A01E9-28CA-9336-3704-7CF6E44F2AE5}"
EndProject
Project("{FAE04EC0-301F-11D3-BF4B-00C04F79EFBC}") = "Assembly-CSharp-Editor", "Assembly-CSharp-Editor.csproj", "{E1ED3416-1924-29D3-4C22-76EB517DAEE1}"
EndProject
Global
	GlobalSection(SolutionConfigurationPlatforms) = preSolution
		Debug|Any CPU = Debug|Any CPU
		Release|Any CPU = Release|Any CPU
	EndGlobalSection
	GlobalSection(ProjectConfigurationPlatforms) = postSolution
		{754A01E9-28CA-9336-3704-7CF6E44F2AE5}.Debug|Any CPU.ActiveCfg = Debug|Any CPU
		{754A01E9-28CA-9336-3704-7CF6E44F2AE5}.Debug|Any CPU.Build.0 = Debug|Any CPU
		{754A01E9-28CA-9336-3704-7CF6E44F2AE5}.Release|Any CPU.ActiveCfg = Release|Any CPU
		{754A01E9-28CA-9336-3704-7CF6E44F2AE5}.Release|Any CPU.Build.0 = Release|Any CPU
		{E1ED3416-1924-29D3-4C22-76EB517DAEE1}.Debug|Any CPU.ActiveCfg = Debug|Any CPU
		{E1ED3416-1924-29D3-4C22-76EB517DAEE1}.Debug|Any CPU.Build.0 = Debug|Any CPU
		{E1ED3416-1924-29D3-4C22-76EB517DAEE1}.Release|Any CPU.ActiveCfg = Release|Any CPU
		{E1ED3416-1924-29D3-4C22-76EB517DAEE1}.Release|Any CPU.Build.0 = Release|Any CPU
	EndGlobalSection
	GlobalSection(SolutionProperties) = preSolution
		HideSolutionNode = FALSE
	EndGlobalSection
EndGlobal
