
Microsoft Visual Studio Solution File, Format Version 11.00
# Visual Studio 2010
Project("{FAE04EC0-301F-11D3-BF4B-00C04F79EFBC}") = "spine-unity", "spine-unity.csproj", "{b237dedc-ea7d-427f-1ea7-cc00bf5a83af}"
EndProject
Project("{FAE04EC0-301F-11D3-BF4B-00C04F79EFBC}") = "spine-unity-editor", "spine-unity-editor.csproj", "{6c22474d-50f2-86f7-c464-784f6b1f19e8}"
EndProject
Project("{FAE04EC0-301F-11D3-BF4B-00C04F79EFBC}") = "Assembly-CSharp", "Assembly-CSharp.csproj", "{e9014a75-ca28-3693-3704-7cf6e44f2ae5}"
EndProject
Project("{FAE04EC0-301F-11D3-BF4B-00C04F79EFBC}") = "Coffee.UIParticle", "Coffee.UIParticle.csproj", "{86d1b997-484a-c08b-2bbf-9dd8e5f8c7e1}"
EndProject
Project("{FAE04EC0-301F-11D3-BF4B-00C04F79EFBC}") = "ExcelImporter.Editor", "ExcelImporter.Editor.csproj", "{dabadc45-cc19-33e2-0ee4-44a57c5bd33a}"
EndProject
Project("{FAE04EC0-301F-11D3-BF4B-00C04F79EFBC}") = "ExcelImporter", "ExcelImporter.csproj", "{6305b153-0527-7533-565b-706b658b8912}"
EndProject
Project("{FAE04EC0-301F-11D3-BF4B-00C04F79EFBC}") = "Coffee.UIParticle.Editor", "Coffee.UIParticle.Editor.csproj", "{4e537425-27a8-e9f5-adef-1b106423648c}"
EndProject
Project("{FAE04EC0-301F-11D3-BF4B-00C04F79EFBC}") = "Assembly-CSharp-Editor", "Assembly-CSharp-Editor.csproj", "{1634ede1-2419-d329-4c22-76eb517daee1}"
EndProject
Global
	GlobalSection(SolutionConfigurationPlatforms) = preSolution
		Debug|Any CPU = Debug|Any CPU
	EndGlobalSection
	GlobalSection(ProjectConfigurationPlatforms) = postSolution
		{b237dedc-ea7d-427f-1ea7-cc00bf5a83af}.Debug|Any CPU.ActiveCfg = Debug|Any CPU
		{b237dedc-ea7d-427f-1ea7-cc00bf5a83af}.Debug|Any CPU.Build.0 = Debug|Any CPU
		{6c22474d-50f2-86f7-c464-784f6b1f19e8}.Debug|Any CPU.ActiveCfg = Debug|Any CPU
		{6c22474d-50f2-86f7-c464-784f6b1f19e8}.Debug|Any CPU.Build.0 = Debug|Any CPU
		{e9014a75-ca28-3693-3704-7cf6e44f2ae5}.Debug|Any CPU.ActiveCfg = Debug|Any CPU
		{e9014a75-ca28-3693-3704-7cf6e44f2ae5}.Debug|Any CPU.Build.0 = Debug|Any CPU
		{86d1b997-484a-c08b-2bbf-9dd8e5f8c7e1}.Debug|Any CPU.ActiveCfg = Debug|Any CPU
		{86d1b997-484a-c08b-2bbf-9dd8e5f8c7e1}.Debug|Any CPU.Build.0 = Debug|Any CPU
		{dabadc45-cc19-33e2-0ee4-44a57c5bd33a}.Debug|Any CPU.ActiveCfg = Debug|Any CPU
		{dabadc45-cc19-33e2-0ee4-44a57c5bd33a}.Debug|Any CPU.Build.0 = Debug|Any CPU
		{6305b153-0527-7533-565b-706b658b8912}.Debug|Any CPU.ActiveCfg = Debug|Any CPU
		{6305b153-0527-7533-565b-706b658b8912}.Debug|Any CPU.Build.0 = Debug|Any CPU
		{4e537425-27a8-e9f5-adef-1b106423648c}.Debug|Any CPU.ActiveCfg = Debug|Any CPU
		{4e537425-27a8-e9f5-adef-1b106423648c}.Debug|Any CPU.Build.0 = Debug|Any CPU
		{1634ede1-2419-d329-4c22-76eb517daee1}.Debug|Any CPU.ActiveCfg = Debug|Any CPU
		{1634ede1-2419-d329-4c22-76eb517daee1}.Debug|Any CPU.Build.0 = Debug|Any CPU
	EndGlobalSection
	GlobalSection(SolutionProperties) = preSolution
		HideSolutionNode = FALSE
	EndGlobalSection
EndGlobal
